
Microsoft Visual Studio Solution File, Format Version 12.00
# Visual Studio 2013
VisualStudioVersion = 12.0.31101.0
MinimumVisualStudioVersion = 10.0.40219.1
Project("{FAE04EC0-301F-11D3-BF4B-00C04F79EFBC}") = "Customer.Server", "Customer.Server\Customer.Server.csproj", "{52B4C614-6172-4855-BF12-30805D0A8336}"
EndProject
Project("{FAE04EC0-301F-11D3-BF4B-00C04F79EFBC}") = "Customer.Server.Tests", "Customer.Server.Tests\Customer.Server.Tests.csproj", "{6F90B7DB-EC02-4B99-9DCB-E8325DAB64B7}"
EndProject
Global
	GlobalSection(SolutionConfigurationPlatforms) = preSolution
		Debug|Any CPU = Debug|Any CPU
		Release|Any CPU = Release|Any CPU
	EndGlobalSection
	GlobalSection(ProjectConfigurationPlatforms) = postSolution
		{52B4C614-6172-4855-BF12-30805D0A8336}.Debug|Any CPU.ActiveCfg = Debug|Any CPU
		{52B4C614-6172-4855-BF12-30805D0A8336}.Debug|Any CPU.Build.0 = Debug|Any CPU
		{52B4C614-6172-4855-BF12-30805D0A8336}.Release|Any CPU.ActiveCfg = Release|Any CPU
		{52B4C614-6172-4855-BF12-30805D0A8336}.Release|Any CPU.Build.0 = Release|Any CPU
		{6F90B7DB-EC02-4B99-9DCB-E8325DAB64B7}.Debug|Any CPU.ActiveCfg = Debug|Any CPU
		{6F90B7DB-EC02-4B99-9DCB-E8325DAB64B7}.Debug|Any CPU.Build.0 = Debug|Any CPU
		{6F90B7DB-EC02-4B99-9DCB-E8325DAB64B7}.Release|Any CPU.ActiveCfg = Release|Any CPU
		{6F90B7DB-EC02-4B99-9DCB-E8325DAB64B7}.Release|Any CPU.Build.0 = Release|Any CPU
	EndGlobalSection
	GlobalSection(SolutionProperties) = preSolution
		HideSolutionNode = FALSE
	EndGlobalSection
EndGlobal
